// !$*UTF8*$!
{
	archiveVersion = 1;
	classes = {
	};
	objectVersion = 50;
	objects = {

/* Begin PBXBuildFile section */
		7A22A309223AA39400D85D81 /* AddNoteViewController.swift in Sources */ = {isa = PBXBuildFile; fileRef = 7A22A308223AA39400D85D81 /* AddNoteViewController.swift */; };
		7A22A30D223BD2E100D85D81 /* NotesViewController+TableView.swift in Sources */ = {isa = PBXBuildFile; fileRef = 7A22A30C223BD2E100D85D81 /* NotesViewController+TableView.swift */; };
		7A22A30F223BD5A400D85D81 /* UINotesView.swift in Sources */ = {isa = PBXBuildFile; fileRef = 7A22A30E223BD5A400D85D81 /* UINotesView.swift */; };
		7A22A312223BD61E00D85D81 /* NoteCell.swift in Sources */ = {isa = PBXBuildFile; fileRef = 7A22A311223BD61E00D85D81 /* NoteCell.swift */; };
		7A34F700224E37C400787B9B /* CategoryItemCell.swift in Sources */ = {isa = PBXBuildFile; fileRef = 7A34F6FF224E37C400787B9B /* CategoryItemCell.swift */; };
		7A5425F9223FC5C0007E6349 /* NoteMe+NSManagedObject.swift in Sources */ = {isa = PBXBuildFile; fileRef = 7A5425F8223FC5C0007E6349 /* NoteMe+NSManagedObject.swift */; };
		7A5425FB2241331A007E6349 /* CategoriesViewController.swift in Sources */ = {isa = PBXBuildFile; fileRef = 7A5425FA2241331A007E6349 /* CategoriesViewController.swift */; };
		7A5425FD22413376007E6349 /* SettingsViewController.swift in Sources */ = {isa = PBXBuildFile; fileRef = 7A5425FC22413376007E6349 /* SettingsViewController.swift */; };
		7A5425FF22417760007E6349 /* CategoryView.swift in Sources */ = {isa = PBXBuildFile; fileRef = 7A5425FE22417760007E6349 /* CategoryView.swift */; };
		7A54260122417F52007E6349 /* AddCategoryViewController.swift in Sources */ = {isa = PBXBuildFile; fileRef = 7A54260022417F52007E6349 /* AddCategoryViewController.swift */; };
		7A5426032242E24F007E6349 /* CategoryColorView.swift in Sources */ = {isa = PBXBuildFile; fileRef = 7A5426022242E24F007E6349 /* CategoryColorView.swift */; };
		7A5426052243CC4B007E6349 /* NoteMe+UIButton.swift in Sources */ = {isa = PBXBuildFile; fileRef = 7A5426042243CC4B007E6349 /* NoteMe+UIButton.swift */; };
		7A5426072243E605007E6349 /* CategoryCell.swift in Sources */ = {isa = PBXBuildFile; fileRef = 7A5426062243E605007E6349 /* CategoryCell.swift */; };
		7A9AC8EC2231FDB900965B9B /* AppDelegate.swift in Sources */ = {isa = PBXBuildFile; fileRef = 7A9AC8EB2231FDB900965B9B /* AppDelegate.swift */; };
		7A9AC8EE2231FDB900965B9B /* NotesViewController.swift in Sources */ = {isa = PBXBuildFile; fileRef = 7A9AC8ED2231FDB900965B9B /* NotesViewController.swift */; };
		7A9AC8F12231FDB900965B9B /* NoteMe.storyboard in Resources */ = {isa = PBXBuildFile; fileRef = 7A9AC8EF2231FDB900965B9B /* NoteMe.storyboard */; };
		7A9AC8F42231FDB900965B9B /* NoteMe.xcdatamodeld in Sources */ = {isa = PBXBuildFile; fileRef = 7A9AC8F22231FDB900965B9B /* NoteMe.xcdatamodeld */; };
		7A9AC8F62231FDC000965B9B /* Assets.xcassets in Resources */ = {isa = PBXBuildFile; fileRef = 7A9AC8F52231FDC000965B9B /* Assets.xcassets */; };
		7A9AC8F92231FDC000965B9B /* LaunchScreen.storyboard in Resources */ = {isa = PBXBuildFile; fileRef = 7A9AC8F72231FDC000965B9B /* LaunchScreen.storyboard */; };
		7A9AC90822320E2700965B9B /* CoreDataBroker.swift in Sources */ = {isa = PBXBuildFile; fileRef = 7A9AC90722320E2700965B9B /* CoreDataBroker.swift */; };
		7AFA2B5A223BEBCC0094CE20 /* NotesHeaderCell.swift in Sources */ = {isa = PBXBuildFile; fileRef = 7AFA2B59223BEBCC0094CE20 /* NotesHeaderCell.swift */; };
		7AFA2B5C223BFC3F0094CE20 /* EditNoteViewController.swift in Sources */ = {isa = PBXBuildFile; fileRef = 7AFA2B5B223BFC3F0094CE20 /* EditNoteViewController.swift */; };
		7AFA2B5E223BFCCF0094CE20 /* NoteView.swift in Sources */ = {isa = PBXBuildFile; fileRef = 7AFA2B5D223BFCCF0094CE20 /* NoteView.swift */; };
		7AFA2B61223C25DB0094CE20 /* NoteMe+UIColor.swift in Sources */ = {isa = PBXBuildFile; fileRef = 7AFA2B60223C25DB0094CE20 /* NoteMe+UIColor.swift */; };
/* End PBXBuildFile section */

/* Begin PBXFileReference section */
		7A22A308223AA39400D85D81 /* AddNoteViewController.swift */ = {isa = PBXFileReference; lastKnownFileType = sourcecode.swift; path = AddNoteViewController.swift; sourceTree = "<group>"; };
		7A22A30C223BD2E100D85D81 /* NotesViewController+TableView.swift */ = {isa = PBXFileReference; lastKnownFileType = sourcecode.swift; path = "NotesViewController+TableView.swift"; sourceTree = "<group>"; };
		7A22A30E223BD5A400D85D81 /* UINotesView.swift */ = {isa = PBXFileReference; fileEncoding = 4; lastKnownFileType = sourcecode.swift; path = UINotesView.swift; sourceTree = "<group>"; };
		7A22A311223BD61E00D85D81 /* NoteCell.swift */ = {isa = PBXFileReference; lastKnownFileType = sourcecode.swift; path = NoteCell.swift; sourceTree = "<group>"; };
		7A34F6FF224E37C400787B9B /* CategoryItemCell.swift */ = {isa = PBXFileReference; lastKnownFileType = sourcecode.swift; path = CategoryItemCell.swift; sourceTree = "<group>"; };
		7A5425F8223FC5C0007E6349 /* NoteMe+NSManagedObject.swift */ = {isa = PBXFileReference; lastKnownFileType = sourcecode.swift; path = "NoteMe+NSManagedObject.swift"; sourceTree = "<group>"; };
		7A5425FA2241331A007E6349 /* CategoriesViewController.swift */ = {isa = PBXFileReference; lastKnownFileType = sourcecode.swift; path = CategoriesViewController.swift; sourceTree = "<group>"; };
		7A5425FC22413376007E6349 /* SettingsViewController.swift */ = {isa = PBXFileReference; lastKnownFileType = sourcecode.swift; path = SettingsViewController.swift; sourceTree = "<group>"; };
		7A5425FE22417760007E6349 /* CategoryView.swift */ = {isa = PBXFileReference; lastKnownFileType = sourcecode.swift; path = CategoryView.swift; sourceTree = "<group>"; };
		7A54260022417F52007E6349 /* AddCategoryViewController.swift */ = {isa = PBXFileReference; lastKnownFileType = sourcecode.swift; path = AddCategoryViewController.swift; sourceTree = "<group>"; };
		7A5426022242E24F007E6349 /* CategoryColorView.swift */ = {isa = PBXFileReference; lastKnownFileType = sourcecode.swift; path = CategoryColorView.swift; sourceTree = "<group>"; };
		7A5426042243CC4B007E6349 /* NoteMe+UIButton.swift */ = {isa = PBXFileReference; lastKnownFileType = sourcecode.swift; path = "NoteMe+UIButton.swift"; sourceTree = "<group>"; };
		7A5426062243E605007E6349 /* CategoryCell.swift */ = {isa = PBXFileReference; lastKnownFileType = sourcecode.swift; path = CategoryCell.swift; sourceTree = "<group>"; };
		7A542608224432F7007E6349 /* NoteMe 2.xcdatamodel */ = {isa = PBXFileReference; lastKnownFileType = wrapper.xcdatamodel; path = "NoteMe 2.xcdatamodel"; sourceTree = "<group>"; };
		7A9AC8E82231FDB900965B9B /* NoteMe.app */ = {isa = PBXFileReference; explicitFileType = wrapper.application; includeInIndex = 0; path = NoteMe.app; sourceTree = BUILT_PRODUCTS_DIR; };
		7A9AC8EB2231FDB900965B9B /* AppDelegate.swift */ = {isa = PBXFileReference; lastKnownFileType = sourcecode.swift; path = AppDelegate.swift; sourceTree = "<group>"; };
		7A9AC8ED2231FDB900965B9B /* NotesViewController.swift */ = {isa = PBXFileReference; lastKnownFileType = sourcecode.swift; path = NotesViewController.swift; sourceTree = "<group>"; };
		7A9AC8F02231FDB900965B9B /* Base */ = {isa = PBXFileReference; lastKnownFileType = file.storyboard; name = Base; path = Base.lproj/NoteMe.storyboard; sourceTree = "<group>"; };
		7A9AC8F32231FDB900965B9B /* NoteMe.xcdatamodel */ = {isa = PBXFileReference; lastKnownFileType = wrapper.xcdatamodel; path = NoteMe.xcdatamodel; sourceTree = "<group>"; };
		7A9AC8F52231FDC000965B9B /* Assets.xcassets */ = {isa = PBXFileReference; lastKnownFileType = folder.assetcatalog; path = Assets.xcassets; sourceTree = "<group>"; };
		7A9AC8F82231FDC000965B9B /* Base */ = {isa = PBXFileReference; lastKnownFileType = file.storyboard; name = Base; path = Base.lproj/LaunchScreen.storyboard; sourceTree = "<group>"; };
		7A9AC8FA2231FDC000965B9B /* Info.plist */ = {isa = PBXFileReference; lastKnownFileType = text.plist.xml; path = Info.plist; sourceTree = "<group>"; };
		7A9AC90722320E2700965B9B /* CoreDataBroker.swift */ = {isa = PBXFileReference; lastKnownFileType = sourcecode.swift; path = CoreDataBroker.swift; sourceTree = "<group>"; };
		7AFA2B59223BEBCC0094CE20 /* NotesHeaderCell.swift */ = {isa = PBXFileReference; lastKnownFileType = sourcecode.swift; path = NotesHeaderCell.swift; sourceTree = "<group>"; };
		7AFA2B5B223BFC3F0094CE20 /* EditNoteViewController.swift */ = {isa = PBXFileReference; lastKnownFileType = sourcecode.swift; path = EditNoteViewController.swift; sourceTree = "<group>"; };
		7AFA2B5D223BFCCF0094CE20 /* NoteView.swift */ = {isa = PBXFileReference; lastKnownFileType = sourcecode.swift; path = NoteView.swift; sourceTree = "<group>"; };
		7AFA2B60223C25DB0094CE20 /* NoteMe+UIColor.swift */ = {isa = PBXFileReference; lastKnownFileType = sourcecode.swift; path = "NoteMe+UIColor.swift"; sourceTree = "<group>"; };
/* End PBXFileReference section */

/* Begin PBXFrameworksBuildPhase section */
		7A9AC8E52231FDB900965B9B /* Frameworks */ = {
			isa = PBXFrameworksBuildPhase;
			buildActionMask = 2147483647;
			files = (
			);
			runOnlyForDeploymentPostprocessing = 0;
		};
/* End PBXFrameworksBuildPhase section */

/* Begin PBXGroup section */
		7A22A310223BD60E00D85D81 /* Cells */ = {
			isa = PBXGroup;
			children = (
				7A22A311223BD61E00D85D81 /* NoteCell.swift */,
				7A34F6FF224E37C400787B9B /* CategoryItemCell.swift */,
				7A5426062243E605007E6349 /* CategoryCell.swift */,
				7AFA2B59223BEBCC0094CE20 /* NotesHeaderCell.swift */,
			);
			path = Cells;
			sourceTree = "<group>";
		};
		7A9AC8DF2231FDB900965B9B = {
			isa = PBXGroup;
			children = (
				7A9AC8EA2231FDB900965B9B /* NoteMe */,
				7A9AC8E92231FDB900965B9B /* Products */,
			);
			sourceTree = "<group>";
		};
		7A9AC8E92231FDB900965B9B /* Products */ = {
			isa = PBXGroup;
			children = (
				7A9AC8E82231FDB900965B9B /* NoteMe.app */,
			);
			name = Products;
			sourceTree = "<group>";
		};
		7A9AC8EA2231FDB900965B9B /* NoteMe */ = {
			isa = PBXGroup;
			children = (
				7AFA2B5F223C25B10094CE20 /* Extensions */,
				7A9AC90622320DD400965B9B /* Brokers */,
				7A9AC9002232092E00965B9B /* Model */,
				7A9AC9012232093800965B9B /* View */,
				7A9AC9022232094B00965B9B /* Controller */,
				7A9AC903223209DF00965B9B /* Storyboards */,
				7A9AC90422320A3400965B9B /* Resources */,
				7A9AC909223214CC00965B9B /* Data */,
				7A9AC8FA2231FDC000965B9B /* Info.plist */,
			);
			path = NoteMe;
			sourceTree = "<group>";
		};
		7A9AC9002232092E00965B9B /* Model */ = {
			isa = PBXGroup;
			children = (
			);
			path = Model;
			sourceTree = "<group>";
		};
		7A9AC9012232093800965B9B /* View */ = {
			isa = PBXGroup;
			children = (
				7A22A310223BD60E00D85D81 /* Cells */,
				7A22A30E223BD5A400D85D81 /* UINotesView.swift */,
				7A5425FE22417760007E6349 /* CategoryView.swift */,
				7A5426022242E24F007E6349 /* CategoryColorView.swift */,
				7AFA2B5D223BFCCF0094CE20 /* NoteView.swift */,
			);
			path = View;
			sourceTree = "<group>";
		};
		7A9AC9022232094B00965B9B /* Controller */ = {
			isa = PBXGroup;
			children = (
				7A9AC90522320AAF00965B9B /* Main */,
				7A9AC8ED2231FDB900965B9B /* NotesViewController.swift */,
				7AFA2B5B223BFC3F0094CE20 /* EditNoteViewController.swift */,
				7A5425FA2241331A007E6349 /* CategoriesViewController.swift */,
				7A54260022417F52007E6349 /* AddCategoryViewController.swift */,
				7A5425FC22413376007E6349 /* SettingsViewController.swift */,
				7A22A30C223BD2E100D85D81 /* NotesViewController+TableView.swift */,
				7A22A308223AA39400D85D81 /* AddNoteViewController.swift */,
			);
			path = Controller;
			sourceTree = "<group>";
		};
		7A9AC903223209DF00965B9B /* Storyboards */ = {
			isa = PBXGroup;
			children = (
				7A9AC8EF2231FDB900965B9B /* NoteMe.storyboard */,
				7A9AC8F72231FDC000965B9B /* LaunchScreen.storyboard */,
			);
			path = Storyboards;
			sourceTree = "<group>";
		};
		7A9AC90422320A3400965B9B /* Resources */ = {
			isa = PBXGroup;
			children = (
				7A9AC8F52231FDC000965B9B /* Assets.xcassets */,
			);
			path = Resources;
			sourceTree = "<group>";
		};
		7A9AC90522320AAF00965B9B /* Main */ = {
			isa = PBXGroup;
			children = (
				7A9AC8EB2231FDB900965B9B /* AppDelegate.swift */,
			);
			path = Main;
			sourceTree = "<group>";
		};
		7A9AC90622320DD400965B9B /* Brokers */ = {
			isa = PBXGroup;
			children = (
				7A9AC90722320E2700965B9B /* CoreDataBroker.swift */,
			);
			path = Brokers;
			sourceTree = "<group>";
		};
		7A9AC909223214CC00965B9B /* Data */ = {
			isa = PBXGroup;
			children = (
				7A9AC8F22231FDB900965B9B /* NoteMe.xcdatamodeld */,
			);
			path = Data;
			sourceTree = "<group>";
		};
		7AFA2B5F223C25B10094CE20 /* Extensions */ = {
			isa = PBXGroup;
			children = (
				7AFA2B60223C25DB0094CE20 /* NoteMe+UIColor.swift */,
				7A5425F8223FC5C0007E6349 /* NoteMe+NSManagedObject.swift */,
				7A5426042243CC4B007E6349 /* NoteMe+UIButton.swift */,
			);
			path = Extensions;
			sourceTree = "<group>";
		};
/* End PBXGroup section */

/* Begin PBXNativeTarget section */
		7A9AC8E72231FDB900965B9B /* NoteMe */ = {
			isa = PBXNativeTarget;
			buildConfigurationList = 7A9AC8FD2231FDC000965B9B /* Build configuration list for PBXNativeTarget "NoteMe" */;
			buildPhases = (
				7A9AC8E42231FDB900965B9B /* Sources */,
				7A9AC8E52231FDB900965B9B /* Frameworks */,
				7A9AC8E62231FDB900965B9B /* Resources */,
			);
			buildRules = (
			);
			dependencies = (
			);
			name = NoteMe;
			productName = NoteMe;
			productReference = 7A9AC8E82231FDB900965B9B /* NoteMe.app */;
			productType = "com.apple.product-type.application";
		};
/* End PBXNativeTarget section */

/* Begin PBXProject section */
		7A9AC8E02231FDB900965B9B /* Project object */ = {
			isa = PBXProject;
			attributes = {
				LastSwiftUpdateCheck = 1010;
				LastUpgradeCheck = 1010;
				ORGANIZATIONNAME = "Leonardo Domingues";
				TargetAttributes = {
					7A9AC8E72231FDB900965B9B = {
						CreatedOnToolsVersion = 10.1;
					};
				};
			};
			buildConfigurationList = 7A9AC8E32231FDB900965B9B /* Build configuration list for PBXProject "NoteMe" */;
			compatibilityVersion = "Xcode 9.3";
			developmentRegion = en;
			hasScannedForEncodings = 0;
			knownRegions = (
				en,
				Base,
			);
			mainGroup = 7A9AC8DF2231FDB900965B9B;
			productRefGroup = 7A9AC8E92231FDB900965B9B /* Products */;
			projectDirPath = "";
			projectRoot = "";
			targets = (
				7A9AC8E72231FDB900965B9B /* NoteMe */,
			);
		};
/* End PBXProject section */

/* Begin PBXResourcesBuildPhase section */
		7A9AC8E62231FDB900965B9B /* Resources */ = {
			isa = PBXResourcesBuildPhase;
			buildActionMask = 2147483647;
			files = (
				7A9AC8F92231FDC000965B9B /* LaunchScreen.storyboard in Resources */,
				7A9AC8F62231FDC000965B9B /* Assets.xcassets in Resources */,
				7A9AC8F12231FDB900965B9B /* NoteMe.storyboard in Resources */,
			);
			runOnlyForDeploymentPostprocessing = 0;
		};
/* End PBXResourcesBuildPhase section */

/* Begin PBXSourcesBuildPhase section */
		7A9AC8E42231FDB900965B9B /* Sources */ = {
			isa = PBXSourcesBuildPhase;
			buildActionMask = 2147483647;
			files = (
				7A9AC8EE2231FDB900965B9B /* NotesViewController.swift in Sources */,
				7AFA2B5A223BEBCC0094CE20 /* NotesHeaderCell.swift in Sources */,
				7A9AC8F42231FDB900965B9B /* NoteMe.xcdatamodeld in Sources */,
				7A9AC8EC2231FDB900965B9B /* AppDelegate.swift in Sources */,
				7A5426032242E24F007E6349 /* CategoryColorView.swift in Sources */,
				7AFA2B5E223BFCCF0094CE20 /* NoteView.swift in Sources */,
				7A5425F9223FC5C0007E6349 /* NoteMe+NSManagedObject.swift in Sources */,
				7A5425FF22417760007E6349 /* CategoryView.swift in Sources */,
				7A22A309223AA39400D85D81 /* AddNoteViewController.swift in Sources */,
				7A34F700224E37C400787B9B /* CategoryItemCell.swift in Sources */,
				7A22A30D223BD2E100D85D81 /* NotesViewController+TableView.swift in Sources */,
				7A5425FD22413376007E6349 /* SettingsViewController.swift in Sources */,
				7AFA2B61223C25DB0094CE20 /* NoteMe+UIColor.swift in Sources */,
				7A5426052243CC4B007E6349 /* NoteMe+UIButton.swift in Sources */,
				7A22A30F223BD5A400D85D81 /* UINotesView.swift in Sources */,
				7A9AC90822320E2700965B9B /* CoreDataBroker.swift in Sources */,
				7A54260122417F52007E6349 /* AddCategoryViewController.swift in Sources */,
				7AFA2B5C223BFC3F0094CE20 /* EditNoteViewController.swift in Sources */,
				7A5425FB2241331A007E6349 /* CategoriesViewController.swift in Sources */,
				7A22A312223BD61E00D85D81 /* NoteCell.swift in Sources */,
				7A5426072243E605007E6349 /* CategoryCell.swift in Sources */,
			);
			runOnlyForDeploymentPostprocessing = 0;
		};
/* End PBXSourcesBuildPhase section */

/* Begin PBXVariantGroup section */
		7A9AC8EF2231FDB900965B9B /* NoteMe.storyboard */ = {
			isa = PBXVariantGroup;
			children = (
				7A9AC8F02231FDB900965B9B /* Base */,
			);
			name = NoteMe.storyboard;
			sourceTree = "<group>";
		};
		7A9AC8F72231FDC000965B9B /* LaunchScreen.storyboard */ = {
			isa = PBXVariantGroup;
			children = (
				7A9AC8F82231FDC000965B9B /* Base */,
			);
			name = LaunchScreen.storyboard;
			sourceTree = "<group>";
		};
/* End PBXVariantGroup section */

/* Begin XCBuildConfiguration section */
		7A9AC8FB2231FDC000965B9B /* Debug */ = {
			isa = XCBuildConfiguration;
			buildSettings = {
				ALWAYS_SEARCH_USER_PATHS = NO;
				CLANG_ANALYZER_NONNULL = YES;
				CLANG_ANALYZER_NUMBER_OBJECT_CONVERSION = YES_AGGRESSIVE;
				CLANG_CXX_LANGUAGE_STANDARD = "gnu++14";
				CLANG_CXX_LIBRARY = "libc++";
				CLANG_ENABLE_MODULES = YES;
				CLANG_ENABLE_OBJC_ARC = YES;
				CLANG_ENABLE_OBJC_WEAK = YES;
				CLANG_WARN_BLOCK_CAPTURE_AUTORELEASING = YES;
				CLANG_WARN_BOOL_CONVERSION = YES;
				CLANG_WARN_COMMA = YES;
				CLANG_WARN_CONSTANT_CONVERSION = YES;
				CLANG_WARN_DEPRECATED_OBJC_IMPLEMENTATIONS = YES;
				CLANG_WARN_DIRECT_OBJC_ISA_USAGE = YES_ERROR;
				CLANG_WARN_DOCUMENTATION_COMMENTS = YES;
				CLANG_WARN_EMPTY_BODY = YES;
				CLANG_WARN_ENUM_CONVERSION = YES;
				CLANG_WARN_INFINITE_RECURSION = YES;
				CLANG_WARN_INT_CONVERSION = YES;
				CLANG_WARN_NON_LITERAL_NULL_CONVERSION = YES;
				CLANG_WARN_OBJC_IMPLICIT_RETAIN_SELF = YES;
				CLANG_WARN_OBJC_LITERAL_CONVERSION = YES;
				CLANG_WARN_OBJC_ROOT_CLASS = YES_ERROR;
				CLANG_WARN_RANGE_LOOP_ANALYSIS = YES;
				CLANG_WARN_STRICT_PROTOTYPES = YES;
				CLANG_WARN_SUSPICIOUS_MOVE = YES;
				CLANG_WARN_UNGUARDED_AVAILABILITY = YES_AGGRESSIVE;
				CLANG_WARN_UNREACHABLE_CODE = YES;
				CLANG_WARN__DUPLICATE_METHOD_MATCH = YES;
				CODE_SIGN_IDENTITY = "iPhone Developer";
				COPY_PHASE_STRIP = NO;
				DEBUG_INFORMATION_FORMAT = dwarf;
				DEVELOPMENT_TEAM = G736GNRXH4;
				ENABLE_STRICT_OBJC_MSGSEND = YES;
				ENABLE_TESTABILITY = YES;
				GCC_C_LANGUAGE_STANDARD = gnu11;
				GCC_DYNAMIC_NO_PIC = NO;
				GCC_NO_COMMON_BLOCKS = YES;
				GCC_OPTIMIZATION_LEVEL = 0;
				GCC_PREPROCESSOR_DEFINITIONS = (
					"DEBUG=1",
					"$(inherited)",
				);
				GCC_WARN_64_TO_32_BIT_CONVERSION = YES;
				GCC_WARN_ABOUT_RETURN_TYPE = YES_ERROR;
				GCC_WARN_UNDECLARED_SELECTOR = YES;
				GCC_WARN_UNINITIALIZED_AUTOS = YES_AGGRESSIVE;
				GCC_WARN_UNUSED_FUNCTION = YES;
				GCC_WARN_UNUSED_VARIABLE = YES;
				IPHONEOS_DEPLOYMENT_TARGET = 12.1;
				MTL_ENABLE_DEBUG_INFO = INCLUDE_SOURCE;
				MTL_FAST_MATH = YES;
				ONLY_ACTIVE_ARCH = YES;
				SDKROOT = iphoneos;
				SWIFT_ACTIVE_COMPILATION_CONDITIONS = DEBUG;
				SWIFT_OPTIMIZATION_LEVEL = "-Onone";
			};
			name = Debug;
		};
		7A9AC8FC2231FDC000965B9B /* Release */ = {
			isa = XCBuildConfiguration;
			buildSettings = {
				ALWAYS_SEARCH_USER_PATHS = NO;
				CLANG_ANALYZER_NONNULL = YES;
				CLANG_ANALYZER_NUMBER_OBJECT_CONVERSION = YES_AGGRESSIVE;
				CLANG_CXX_LANGUAGE_STANDARD = "gnu++14";
				CLANG_CXX_LIBRARY = "libc++";
				CLANG_ENABLE_MODULES = YES;
				CLANG_ENABLE_OBJC_ARC = YES;
				CLANG_ENABLE_OBJC_WEAK = YES;
				CLANG_WARN_BLOCK_CAPTURE_AUTORELEASING = YES;
				CLANG_WARN_BOOL_CONVERSION = YES;
				CLANG_WARN_COMMA = YES;
				CLANG_WARN_CONSTANT_CONVERSION = YES;
				CLANG_WARN_DEPRECATED_OBJC_IMPLEMENTATIONS = YES;
				CLANG_WARN_DIRECT_OBJC_ISA_USAGE = YES_ERROR;
				CLANG_WARN_DOCUMENTATION_COMMENTS = YES;
				CLANG_WARN_EMPTY_BODY = YES;
				CLANG_WARN_ENUM_CONVERSION = YES;
				CLANG_WARN_INFINITE_RECURSION = YES;
				CLANG_WARN_INT_CONVERSION = YES;
				CLANG_WARN_NON_LITERAL_NULL_CONVERSION = YES;
				CLANG_WARN_OBJC_IMPLICIT_RETAIN_SELF = YES;
				CLANG_WARN_OBJC_LITERAL_CONVERSION = YES;
				CLANG_WARN_OBJC_ROOT_CLASS = YES_ERROR;
				CLANG_WARN_RANGE_LOOP_ANALYSIS = YES;
				CLANG_WARN_STRICT_PROTOTYPES = YES;
				CLANG_WARN_SUSPICIOUS_MOVE = YES;
				CLANG_WARN_UNGUARDED_AVAILABILITY = YES_AGGRESSIVE;
				CLANG_WARN_UNREACHABLE_CODE = YES;
				CLANG_WARN__DUPLICATE_METHOD_MATCH = YES;
				CODE_SIGN_IDENTITY = "iPhone Developer";
				COPY_PHASE_STRIP = NO;
				DEBUG_INFORMATION_FORMAT = "dwarf-with-dsym";
				DEVELOPMENT_TEAM = G736GNRXH4;
				ENABLE_NS_ASSERTIONS = NO;
				ENABLE_STRICT_OBJC_MSGSEND = YES;
				GCC_C_LANGUAGE_STANDARD = gnu11;
				GCC_NO_COMMON_BLOCKS = YES;
				GCC_WARN_64_TO_32_BIT_CONVERSION = YES;
				GCC_WARN_ABOUT_RETURN_TYPE = YES_ERROR;
				GCC_WARN_UNDECLARED_SELECTOR = YES;
				GCC_WARN_UNINITIALIZED_AUTOS = YES_AGGRESSIVE;
				GCC_WARN_UNUSED_FUNCTION = YES;
				GCC_WARN_UNUSED_VARIABLE = YES;
				IPHONEOS_DEPLOYMENT_TARGET = 12.1;
				MTL_ENABLE_DEBUG_INFO = NO;
				MTL_FAST_MATH = YES;
				SDKROOT = iphoneos;
				SWIFT_COMPILATION_MODE = wholemodule;
				SWIFT_OPTIMIZATION_LEVEL = "-O";
				VALIDATE_PRODUCT = YES;
			};
			name = Release;
		};
		7A9AC8FE2231FDC000965B9B /* Debug */ = {
			isa = XCBuildConfiguration;
			buildSettings = {
				ASSETCATALOG_COMPILER_APPICON_NAME = AppIcon;
				CODE_SIGN_IDENTITY = "iPhone Developer";
				CODE_SIGN_STYLE = Automatic;
				DEVELOPMENT_TEAM = G736GNRXH4;
				INFOPLIST_FILE = NoteMe/Info.plist;
				LD_RUNPATH_SEARCH_PATHS = (
					"$(inherited)",
					"@executable_path/Frameworks",
				);
				PRODUCT_BUNDLE_IDENTIFIER = com.leodmgs.NoteMe;
				PRODUCT_NAME = "$(TARGET_NAME)";
				PROVISIONING_PROFILE_SPECIFIER = "";
				SWIFT_VERSION = 4.2;
				TARGETED_DEVICE_FAMILY = "1,2";
			};
			name = Debug;
		};
		7A9AC8FF2231FDC000965B9B /* Release */ = {
			isa = XCBuildConfiguration;
			buildSettings = {
				ASSETCATALOG_COMPILER_APPICON_NAME = AppIcon;
				CODE_SIGN_IDENTITY = "iPhone Developer";
				CODE_SIGN_STYLE = Automatic;
				DEVELOPMENT_TEAM = G736GNRXH4;
				INFOPLIST_FILE = NoteMe/Info.plist;
				LD_RUNPATH_SEARCH_PATHS = (
					"$(inherited)",
					"@executable_path/Frameworks",
				);
				PRODUCT_BUNDLE_IDENTIFIER = com.leodmgs.NoteMe;
				PRODUCT_NAME = "$(TARGET_NAME)";
				PROVISIONING_PROFILE_SPECIFIER = "";
				SWIFT_VERSION = 4.2;
				TARGETED_DEVICE_FAMILY = "1,2";
			};
			name = Release;
		};
/* End XCBuildConfiguration section */

/* Begin XCConfigurationList section */
		7A9AC8E32231FDB900965B9B /* Build configuration list for PBXProject "NoteMe" */ = {
			isa = XCConfigurationList;
			buildConfigurations = (
				7A9AC8FB2231FDC000965B9B /* Debug */,
				7A9AC8FC2231FDC000965B9B /* Release */,
			);
			defaultConfigurationIsVisible = 0;
			defaultConfigurationName = Release;
		};
		7A9AC8FD2231FDC000965B9B /* Build configuration list for PBXNativeTarget "NoteMe" */ = {
			isa = XCConfigurationList;
			buildConfigurations = (
				7A9AC8FE2231FDC000965B9B /* Debug */,
				7A9AC8FF2231FDC000965B9B /* Release */,
			);
			defaultConfigurationIsVisible = 0;
			defaultConfigurationName = Release;
		};
/* End XCConfigurationList section */

/* Begin XCVersionGroup section */
		7A9AC8F22231FDB900965B9B /* NoteMe.xcdatamodeld */ = {
			isa = XCVersionGroup;
			children = (
				7A542608224432F7007E6349 /* NoteMe 2.xcdatamodel */,
				7A9AC8F32231FDB900965B9B /* NoteMe.xcdatamodel */,
			);
			currentVersion = 7A542608224432F7007E6349 /* NoteMe 2.xcdatamodel */;
			path = NoteMe.xcdatamodeld;
			sourceTree = "<group>";
			versionGroupType = wrapper.xcdatamodel;
		};
/* End XCVersionGroup section */
	};
	rootObject = 7A9AC8E02231FDB900965B9B /* Project object */;
}
